
Microsoft Visual Studio Solution File, Format Version 12.00
# Visual Studio Version 16
VisualStudioVersion = 16.0.31129.286
MinimumVisualStudioVersion = 10.0.40219.1
Project("{FAE04EC0-301F-11D3-BF4B-00C04F79EFBC}") = "WhoAmI", "WhoAmI\WhoAmI.csproj", "{A6C3DC02-4E42-419D-9824-D2BDD841ACBE}"
EndProject
Global
	GlobalSection(SolutionConfigurationPlatforms) = preSolution
		Debug|Any CPU = Debug|Any CPU
		Release|Any CPU = Release|Any CPU
	EndGlobalSection
	GlobalSection(ProjectConfigurationPlatforms) = postSolution
		{A6C3DC02-4E42-419D-9824-D2BDD841ACBE}.Debug|Any CPU.ActiveCfg = Debug|Any CPU
		{A6C3DC02-4E42-419D-9824-D2BDD841ACBE}.Debug|Any CPU.Build.0 = Debug|Any CPU
		{A6C3DC02-4E42-419D-9824-D2BDD841ACBE}.Release|Any CPU.ActiveCfg = Release|Any CPU
		{A6C3DC02-4E42-419D-9824-D2BDD841ACBE}.Release|Any CPU.Build.0 = Release|Any CPU
	EndGlobalSection
	GlobalSection(SolutionProperties) = preSolution
		HideSolutionNode = FALSE
	EndGlobalSection
	GlobalSection(ExtensibilityGlobals) = postSolution
		SolutionGuid = {595102BB-4A57-42CD-8055-18C19BFED45E}
	EndGlobalSection
EndGlobal
